Microsoft Visual Studio Solution File, Format Version 12.00
# Visual Studio Version 17
VisualStudioVersion = 17.0.31903.59
MinimumVisualStudioVersion = 10.0.40219.1
Project("{FAE04EC0-301F-11D3-BF4B-00C04F79EFBC}") = "OfficeBridge", "src\OfficeBridge.csproj", "{0F8079FE-72DE-4B23-A773-50823495C6A1}"
EndProject
Project("{FAE04EC0-301F-11D3-BF4B-00C04F79EFBC}") = "OfficeBridge.Tests", "tests\OfficeBridge.Tests.csproj", "{A6FB4689-B7B0-4D80-8749-6C6038104C11}"
EndProject
Global
	GlobalSection(SolutionConfigurationPlatforms) = preSolution
		Debug|Any CPU = Debug|Any CPU
		Release|Any CPU = Release|Any CPU
	EndGlobalSection
	GlobalSection(ProjectConfigurationPlatforms) = postSolution
		{0F8079FE-72DE-4B23-A773-50823495C6A1}.Debug|Any CPU.ActiveCfg = Debug|Any CPU
		{0F8079FE-72DE-4B23-A773-50823495C6A1}.Debug|Any CPU.Build.0 = Debug|Any CPU
		{0F8079FE-72DE-4B23-A773-50823495C6A1}.Release|Any CPU.ActiveCfg = Release|Any CPU
		{0F8079FE-72DE-4B23-A773-50823495C6A1}.Release|Any CPU.Build.0 = Release|Any CPU
		{A6FB4689-B7B0-4D80-8749-6C6038104C11}.Debug|Any CPU.ActiveCfg = Debug|Any CPU
		{A6FB4689-B7B0-4D80-8749-6C6038104C11}.Debug|Any CPU.Build.0 = Debug|Any CPU
		{A6FB4689-B7B0-4D80-8749-6C6038104C11}.Release|Any CPU.ActiveCfg = Release|Any CPU
		{A6FB4689-B7B0-4D80-8749-6C6038104C11}.Release|Any CPU.Build.0 = Release|Any CPU
	EndGlobalSection
EndGlobal
